
Microsoft Visual Studio Solution File, Format Version 12.00
# Visual Studio Version 16
VisualStudioVersion = 16.0.29926.136
MinimumVisualStudioVersion = 10.0.40219.1
Project("{FAE04EC0-301F-11D3-BF4B-00C04F79EFBC}") = "CovidApp.Android", "CovidApp.Android\CovidApp.Android.csproj", "{A0635481-FEEA-4DF0-8F4D-B951B0D0AD93}"
EndProject
Project("{FAE04EC0-301F-11D3-BF4B-00C04F79EFBC}") = "CovidApp.iOS", "CovidApp.iOS\CovidApp.iOS.csproj", "{FD17D6EF-3CD6-4174-859D-7344C734E558}"
EndProject
Project("{FAE04EC0-301F-11D3-BF4B-00C04F79EFBC}") = "CovidApp", "CovidApp\CovidApp.csproj", "{D21DAE36-7877-4DBC-9516-8D9D3D47B5D7}"
EndProject
Global
	GlobalSection(SolutionConfigurationPlatforms) = preSolution
		Debug|Any CPU = Debug|Any CPU
		Debug|iPhone = Debug|iPhone
		Debug|iPhoneSimulator = Debug|iPhoneSimulator
		Release|Any CPU = Release|Any CPU
		Release|iPhone = Release|iPhone
		Release|iPhoneSimulator = Release|iPhoneSimulator
	EndGlobalSection
	GlobalSection(ProjectConfigurationPlatforms) = postSolution
		{A0635481-FEEA-4DF0-8F4D-B951B0D0AD93}.Debug|Any CPU.ActiveCfg = Debug|Any CPU
		{A0635481-FEEA-4DF0-8F4D-B951B0D0AD93}.Debug|Any CPU.Build.0 = Debug|Any CPU
		{A0635481-FEEA-4DF0-8F4D-B951B0D0AD93}.Debug|Any CPU.Deploy.0 = Debug|Any CPU
		{A0635481-FEEA-4DF0-8F4D-B951B0D0AD93}.Debug|iPhone.ActiveCfg = Debug|Any CPU
		{A0635481-FEEA-4DF0-8F4D-B951B0D0AD93}.Debug|iPhone.Build.0 = Debug|Any CPU
		{A0635481-FEEA-4DF0-8F4D-B951B0D0AD93}.Debug|iPhone.Deploy.0 = Debug|Any CPU
		{A0635481-FEEA-4DF0-8F4D-B951B0D0AD93}.Debug|iPhoneSimulator.ActiveCfg = Debug|Any CPU
		{A0635481-FEEA-4DF0-8F4D-B951B0D0AD93}.Debug|iPhoneSimulator.Build.0 = Debug|Any CPU
		{A0635481-FEEA-4DF0-8F4D-B951B0D0AD93}.Debug|iPhoneSimulator.Deploy.0 = Debug|Any CPU
		{A0635481-FEEA-4DF0-8F4D-B951B0D0AD93}.Release|Any CPU.ActiveCfg = Release|Any CPU
		{A0635481-FEEA-4DF0-8F4D-B951B0D0AD93}.Release|Any CPU.Build.0 = Release|Any CPU
		{A0635481-FEEA-4DF0-8F4D-B951B0D0AD93}.Release|Any CPU.Deploy.0 = Release|Any CPU
		{A0635481-FEEA-4DF0-8F4D-B951B0D0AD93}.Release|iPhone.ActiveCfg = Release|Any CPU
		{A0635481-FEEA-4DF0-8F4D-B951B0D0AD93}.Release|iPhone.Build.0 = Release|Any CPU
		{A0635481-FEEA-4DF0-8F4D-B951B0D0AD93}.Release|iPhone.Deploy.0 = Release|Any CPU
		{A0635481-FEEA-4DF0-8F4D-B951B0D0AD93}.Release|iPhoneSimulator.ActiveCfg = Release|Any CPU
		{A0635481-FEEA-4DF0-8F4D-B951B0D0AD93}.Release|iPhoneSimulator.Build.0 = Release|Any CPU
		{A0635481-FEEA-4DF0-8F4D-B951B0D0AD93}.Release|iPhoneSimulator.Deploy.0 = Release|Any CPU
		{FD17D6EF-3CD6-4174-859D-7344C734E558}.Debug|Any CPU.ActiveCfg = Debug|iPhone
		{FD17D6EF-3CD6-4174-859D-7344C734E558}.Debug|Any CPU.Build.0 = Debug|iPhone
		{FD17D6EF-3CD6-4174-859D-7344C734E558}.Debug|Any CPU.Deploy.0 = Debug|iPhone
		{FD17D6EF-3CD6-4174-859D-7344C734E558}.Debug|iPhone.ActiveCfg = Debug|iPhone
		{FD17D6EF-3CD6-4174-859D-7344C734E558}.Debug|iPhone.Build.0 = Debug|iPhone
		{FD17D6EF-3CD6-4174-859D-7344C734E558}.Debug|iPhone.Deploy.0 = Debug|iPhone
		{FD17D6EF-3CD6-4174-859D-7344C734E558}.Debug|iPhoneSimulator.ActiveCfg = Debug|iPhoneSimulator
		{FD17D6EF-3CD6-4174-859D-7344C734E558}.Debug|iPhoneSimulator.Build.0 = Debug|iPhoneSimulator
		{FD17D6EF-3CD6-4174-859D-7344C734E558}.Debug|iPhoneSimulator.Deploy.0 = Debug|iPhoneSimulator
		{FD17D6EF-3CD6-4174-859D-7344C734E558}.Release|Any CPU.ActiveCfg = Release|iPhone
		{FD17D6EF-3CD6-4174-859D-7344C734E558}.Release|Any CPU.Build.0 = Release|iPhone
		{FD17D6EF-3CD6-4174-859D-7344C734E558}.Release|Any CPU.Deploy.0 = Release|iPhone
		{FD17D6EF-3CD6-4174-859D-7344C734E558}.Release|iPhone.ActiveCfg = Release|iPhone
		{FD17D6EF-3CD6-4174-859D-7344C734E558}.Release|iPhone.Build.0 = Release|iPhone
		{FD17D6EF-3CD6-4174-859D-7344C734E558}.Release|iPhone.Deploy.0 = Release|iPhone
		{FD17D6EF-3CD6-4174-859D-7344C734E558}.Release|iPhoneSimulator.ActiveCfg = Release|iPhoneSimulator
		{FD17D6EF-3CD6-4174-859D-7344C734E558}.Release|iPhoneSimulator.Build.0 = Release|iPhoneSimulator
		{FD17D6EF-3CD6-4174-859D-7344C734E558}.Release|iPhoneSimulator.Deploy.0 = Release|iPhoneSimulator
		{D21DAE36-7877-4DBC-9516-8D9D3D47B5D7}.Debug|Any CPU.ActiveCfg = Debug|Any CPU
		{D21DAE36-7877-4DBC-9516-8D9D3D47B5D7}.Debug|Any CPU.Build.0 = Debug|Any CPU
		{D21DAE36-7877-4DBC-9516-8D9D3D47B5D7}.Debug|Any CPU.Deploy.0 = Debug|Any CPU
		{D21DAE36-7877-4DBC-9516-8D9D3D47B5D7}.Debug|iPhone.ActiveCfg = Debug|Any CPU
		{D21DAE36-7877-4DBC-9516-8D9D3D47B5D7}.Debug|iPhone.Build.0 = Debug|Any CPU
		{D21DAE36-7877-4DBC-9516-8D9D3D47B5D7}.Debug|iPhone.Deploy.0 = Debug|Any CPU
		{D21DAE36-7877-4DBC-9516-8D9D3D47B5D7}.Debug|iPhoneSimulator.ActiveCfg = Debug|Any CPU
		{D21DAE36-7877-4DBC-9516-8D9D3D47B5D7}.Debug|iPhoneSimulator.Build.0 = Debug|Any CPU
		{D21DAE36-7877-4DBC-9516-8D9D3D47B5D7}.Debug|iPhoneSimulator.Deploy.0 = Debug|Any CPU
		{D21DAE36-7877-4DBC-9516-8D9D3D47B5D7}.Release|Any CPU.ActiveCfg = Release|Any CPU
		{D21DAE36-7877-4DBC-9516-8D9D3D47B5D7}.Release|Any CPU.Build.0 = Release|Any CPU
		{D21DAE36-7877-4DBC-9516-8D9D3D47B5D7}.Release|Any CPU.Deploy.0 = Release|Any CPU
		{D21DAE36-7877-4DBC-9516-8D9D3D47B5D7}.Release|iPhone.ActiveCfg = Release|Any CPU
		{D21DAE36-7877-4DBC-9516-8D9D3D47B5D7}.Release|iPhone.Build.0 = Release|Any CPU
		{D21DAE36-7877-4DBC-9516-8D9D3D47B5D7}.Release|iPhone.Deploy.0 = Release|Any CPU
		{D21DAE36-7877-4DBC-9516-8D9D3D47B5D7}.Release|iPhoneSimulator.ActiveCfg = Release|Any CPU
		{D21DAE36-7877-4DBC-9516-8D9D3D47B5D7}.Release|iPhoneSimulator.Build.0 = Release|Any CPU
		{D21DAE36-7877-4DBC-9516-8D9D3D47B5D7}.Release|iPhoneSimulator.Deploy.0 = Release|Any CPU
	EndGlobalSection
	GlobalSection(SolutionProperties) = preSolution
		HideSolutionNode = FALSE
	EndGlobalSection
	GlobalSection(ExtensibilityGlobals) = postSolution
		SolutionGuid = {7C82CE5B-EAE5-44CC-B538-539DD3AC51EB}
	EndGlobalSection
EndGlobal
